PODS:
  - Batch (1.15.0)
  - BatchGoogleAnalyticsDispatcher (1.0.0):
    - Batch (~> 1.15)
    - GoogleAnalytics
  - GoogleAnalytics (3.17.0)
  - OCMock (3.4.3)

DEPENDENCIES:
  - BatchGoogleAnalyticsDispatcher (from `../`)
  - OCMock

SPEC REPOS:
  trunk:
    - Batch
    - GoogleAnalytics
    - OCMock

EXTERNAL SOURCES:
  BatchGoogleAnalyticsDispatcher:
    :path: "../"

SPEC CHECKSUMS:
  Batch: b8f62beee5a81f58c23d84f92f363a9f1ce4d6a4
  BatchGoogleAnalyticsDispatcher: a5097950c203d8394c0cf46c784ad851cb5d9d9f
  GoogleAnalytics: f42cc53a87a51fe94334821868d9c8481ff47a7b
  OCMock: 43565190abc78977ad44a61c0d20d7f0784d35ab

PODFILE CHECKSUM: c90cc0d587659a28c2662fc15402c1f250443873

COCOAPODS: 1.9.0
